
Microsoft Visual Studio Solution File, Format Version 12.00
# Visual Studio Version 17
VisualStudioVersion = 17.11.35303.130
MinimumVisualStudioVersion = 10.0.40219.1
Project("{FAE04EC0-301F-11D3-BF4B-00C04F79EFBC}") = "Demo", "Demo\Demo.csproj", "{6B01C1A8-E577-49E3-821C-666E25EE9A51}"
EndProject
Global
	GlobalSection(SolutionConfigurationPlatforms) = preSolution
		Debug|Any CPU = Debug|Any CPU
		Release|Any CPU = Release|Any CPU
	EndGlobalSection
	GlobalSection(ProjectConfigurationPlatforms) = postSolution
		{6B01C1A8-E577-49E3-821C-666E25EE9A51}.Debug|Any CPU.ActiveCfg = Debug|Any CPU
		{6B01C1A8-E577-49E3-821C-666E25EE9A51}.Debug|Any CPU.Build.0 = Debug|Any CPU
		{6B01C1A8-E577-49E3-821C-666E25EE9A51}.Release|Any CPU.ActiveCfg = Release|Any CPU
		{6B01C1A8-E577-49E3-821C-666E25EE9A51}.Release|Any CPU.Build.0 = Release|Any CPU
	EndGlobalSection
	GlobalSection(SolutionProperties) = preSolution
		HideSolutionNode = FALSE
	EndGlobalSection
	GlobalSection(ExtensibilityGlobals) = postSolution
		SolutionGuid = {73F96882-CDF5-4977-9FAB-4693ED5A0D14}
	EndGlobalSection
EndGlobal
